lockfileVersion: '9.0'

settings:
  autoInstallPeers: true
  excludeLinksFromLockfile: false

importers:

  .:
    dependencies:
      stripe:
        specifier: ^20.1.2
        version: 20.4.0

packages:

  stripe@20.4.0:
    resolution: {integrity: sha512-F/aN1IQ9vHmlyLNi3DkiIbyzQb6gyBG0uYFd/VrEVQSc9BLtlgknPUx0EvzZdBMRLFuRaPFIFd7Mxwtg7Pbwzw==}
    engines: {node: '>=16'}
    peerDependencies:
      '@types/node': '>=16'
    peerDependenciesMeta:
      '@types/node':
        optional: true

snapshots:

  stripe@20.4.0: {}
